
Microsoft Visual Studio Solution File, Format Version 12.00
# Visual Studio Version 17
VisualStudioVersion = 17.11.35327.3
MinimumVisualStudioVersion = 10.0.40219.1
Project("{FAE04EC0-301F-11D3-BF4B-00C04F79EFBC}") = "Vektorel.Tpl.ConsoleApp", "Vektorel.Tpl.ConsoleApp\Vektorel.Tpl.ConsoleApp.csproj", "{FC178770-DF5B-489D-937A-89FB363A4F6A}"
EndProject
Project("{FAE04EC0-301F-11D3-BF4B-00C04F79EFBC}") = "Vektorel.Tpl.FormApp", "Vektorel.Tpl.FormApp\Vektorel.Tpl.FormApp.csproj", "{009827E1-D160-4689-BB53-8EF34A94E0CE}"
EndProject
Project("{FAE04EC0-301F-11D3-BF4B-00C04F79EFBC}") = "Vektorel.RMQ.FormApp", "Vektorel.RMQ.FormApp\Vektorel.RMQ.FormApp.csproj", "{9B530A46-B946-4B19-AF08-61AED34684B8}"
EndProject
Project("{FAE04EC0-301F-11D3-BF4B-00C04F79EFBC}") = "Vektorel.RMQ.ConsoleApp", "Vektorel.RMQ.ConsoleApp\Vektorel.RMQ.ConsoleApp.csproj", "{13CC78C6-8BC4-4064-82FF-F0E224849436}"
EndProject
Global
	GlobalSection(SolutionConfigurationPlatforms) = preSolution
		Debug|Any CPU = Debug|Any CPU
		Release|Any CPU = Release|Any CPU
	EndGlobalSection
	GlobalSection(ProjectConfigurationPlatforms) = postSolution
		{FC178770-DF5B-489D-937A-89FB363A4F6A}.Debug|Any CPU.ActiveCfg = Debug|Any CPU
		{FC178770-DF5B-489D-937A-89FB363A4F6A}.Debug|Any CPU.Build.0 = Debug|Any CPU
		{FC178770-DF5B-489D-937A-89FB363A4F6A}.Release|Any CPU.ActiveCfg = Release|Any CPU
		{FC178770-DF5B-489D-937A-89FB363A4F6A}.Release|Any CPU.Build.0 = Release|Any CPU
		{009827E1-D160-4689-BB53-8EF34A94E0CE}.Debug|Any CPU.ActiveCfg = Debug|Any CPU
		{009827E1-D160-4689-BB53-8EF34A94E0CE}.Debug|Any CPU.Build.0 = Debug|Any CPU
		{009827E1-D160-4689-BB53-8EF34A94E0CE}.Release|Any CPU.ActiveCfg = Release|Any CPU
		{009827E1-D160-4689-BB53-8EF34A94E0CE}.Release|Any CPU.Build.0 = Release|Any CPU
		{9B530A46-B946-4B19-AF08-61AED34684B8}.Debug|Any CPU.ActiveCfg = Debug|Any CPU
		{9B530A46-B946-4B19-AF08-61AED34684B8}.Debug|Any CPU.Build.0 = Debug|Any CPU
		{9B530A46-B946-4B19-AF08-61AED34684B8}.Release|Any CPU.ActiveCfg = Release|Any CPU
		{9B530A46-B946-4B19-AF08-61AED34684B8}.Release|Any CPU.Build.0 = Release|Any CPU
		{13CC78C6-8BC4-4064-82FF-F0E224849436}.Debug|Any CPU.ActiveCfg = Debug|Any CPU
		{13CC78C6-8BC4-4064-82FF-F0E224849436}.Debug|Any CPU.Build.0 = Debug|Any CPU
		{13CC78C6-8BC4-4064-82FF-F0E224849436}.Release|Any CPU.ActiveCfg = Release|Any CPU
		{13CC78C6-8BC4-4064-82FF-F0E224849436}.Release|Any CPU.Build.0 = Release|Any CPU
	EndGlobalSection
	GlobalSection(SolutionProperties) = preSolution
		HideSolutionNode = FALSE
	EndGlobalSection
	GlobalSection(ExtensibilityGlobals) = postSolution
		SolutionGuid = {81CE5C25-84F9-49C0-84A9-7CAE543F41F6}
	EndGlobalSection
EndGlobal
